
Microsoft Visual Studio Solution File, Format Version 12.00
# Visual Studio 2013
VisualStudioVersion = 12.0.31101.0
MinimumVisualStudioVersion = 10.0.40219.1
Project("{FAE04EC0-301F-11D3-BF4B-00C04F79EFBC}") = "MyLabService", "MyLabService\MyLabService.csproj", "{A23405F0-633F-45FB-9342-19C35FAF269D}"
EndProject
Project("{FAE04EC0-301F-11D3-BF4B-00C04F79EFBC}") = "MyLabHost", "MyLabHost\MyLabHost.csproj", "{8A132A7D-4E57-4813-8773-CD55243DCE87}"
EndProject
Project("{FAE04EC0-301F-11D3-BF4B-00C04F79EFBC}") = "MyLabClient", "MyLabClient\MyLabClient.csproj", "{5D230A11-CC86-48BD-BBCD-268BF1655B33}"
EndProject
Global
	GlobalSection(SolutionConfigurationPlatforms) = preSolution
		Debug|Any CPU = Debug|Any CPU
		Release|Any CPU = Release|Any CPU
	EndGlobalSection
	GlobalSection(ProjectConfigurationPlatforms) = postSolution
		{A23405F0-633F-45FB-9342-19C35FAF269D}.Debug|Any CPU.ActiveCfg = Debug|Any CPU
		{A23405F0-633F-45FB-9342-19C35FAF269D}.Debug|Any CPU.Build.0 = Debug|Any CPU
		{A23405F0-633F-45FB-9342-19C35FAF269D}.Release|Any CPU.ActiveCfg = Release|Any CPU
		{A23405F0-633F-45FB-9342-19C35FAF269D}.Release|Any CPU.Build.0 = Release|Any CPU
		{8A132A7D-4E57-4813-8773-CD55243DCE87}.Debug|Any CPU.ActiveCfg = Debug|Any CPU
		{8A132A7D-4E57-4813-8773-CD55243DCE87}.Debug|Any CPU.Build.0 = Debug|Any CPU
		{8A132A7D-4E57-4813-8773-CD55243DCE87}.Release|Any CPU.ActiveCfg = Release|Any CPU
		{8A132A7D-4E57-4813-8773-CD55243DCE87}.Release|Any CPU.Build.0 = Release|Any CPU
		{5D230A11-CC86-48BD-BBCD-268BF1655B33}.Debug|Any CPU.ActiveCfg = Debug|Any CPU
		{5D230A11-CC86-48BD-BBCD-268BF1655B33}.Debug|Any CPU.Build.0 = Debug|Any CPU
		{5D230A11-CC86-48BD-BBCD-268BF1655B33}.Release|Any CPU.ActiveCfg = Release|Any CPU
		{5D230A11-CC86-48BD-BBCD-268BF1655B33}.Release|Any CPU.Build.0 = Release|Any CPU
	EndGlobalSection
	GlobalSection(SolutionProperties) = preSolution
		HideSolutionNode = FALSE
	EndGlobalSection
EndGlobal
